
Microsoft Visual Studio Solution File, Format Version 12.00
# Visual Studio 2013
VisualStudioVersion = 12.0.30723.0
MinimumVisualStudioVersion = 10.0.40219.1
Project("{FAE04EC0-301F-11D3-BF4B-00C04F79EFBC}") = "FIF", "FuturesInFaith1.4\FIF.csproj", "{57A250D9-6EEC-45D7-80D7-067130CFEB81}"
EndProject
Project("{FAE04EC0-301F-11D3-BF4B-00C04F79EFBC}") = "FIFLibrary", "FIFLibrary\FIFLibrary.csproj", "{53F81440-8001-4BE1-B041-146A101BEA6D}"
EndProject
Global
	GlobalSection(SolutionConfigurationPlatforms) = preSolution
		Debug|Any CPU = Debug|Any CPU
		Release|Any CPU = Release|Any CPU
	EndGlobalSection
	GlobalSection(ProjectConfigurationPlatforms) = postSolution
		{57A250D9-6EEC-45D7-80D7-067130CFEB81}.Debug|Any CPU.ActiveCfg = Debug|Any CPU
		{57A250D9-6EEC-45D7-80D7-067130CFEB81}.Debug|Any CPU.Build.0 = Debug|Any CPU
		{57A250D9-6EEC-45D7-80D7-067130CFEB81}.Release|Any CPU.ActiveCfg = Release|Any CPU
		{57A250D9-6EEC-45D7-80D7-067130CFEB81}.Release|Any CPU.Build.0 = Release|Any CPU
		{53F81440-8001-4BE1-B041-146A101BEA6D}.Debug|Any CPU.ActiveCfg = Debug|Any CPU
		{53F81440-8001-4BE1-B041-146A101BEA6D}.Debug|Any CPU.Build.0 = Debug|Any CPU
		{53F81440-8001-4BE1-B041-146A101BEA6D}.Release|Any CPU.ActiveCfg = Release|Any CPU
		{53F81440-8001-4BE1-B041-146A101BEA6D}.Release|Any CPU.Build.0 = Release|Any CPU
	EndGlobalSection
	GlobalSection(SolutionProperties) = preSolution
		HideSolutionNode = FALSE
	EndGlobalSection
EndGlobal
